
Microsoft Visual Studio Solution File, Format Version 12.00
# Visual Studio Version 17
VisualStudioVersion = 17.9.34902.65
MinimumVisualStudioVersion = 10.0.40219.1
Project("{2150E333-8FDC-42A3-9474-1A3956D46DE8}") = "Modules", "Modules", "{A6323408-18F4-424D-BFAB-1D80E6DA4DA8}"
EndProject
Project("{2150E333-8FDC-42A3-9474-1A3956D46DE8}") = "Host", "Host", "{06E91105-47F0-4B33-94FB-BDEB6CF06249}"
EndProject
Project("{9A19103F-16F7-4668-BE54-9A1E7A4F7556}") = "DoctorAppointmentBooking.API", "DoctorAppointmentBooking.API\DoctorAppointmentBooking.API.csproj", "{5554692C-68D5-49DD-99A0-E30AD43BBBF1}"
EndProject
Project("{2150E333-8FDC-42A3-9474-1A3956D46DE8}") = "DoctorAvailabilityModule", "DoctorAvailabilityModule", "{B813FED1-5813-4397-89E1-1D4FD27948FC}"
EndProject
Project("{9A19103F-16F7-4668-BE54-9A1E7A4F7556}") = "DoctorAvailability.API", "DoctorAvailability.API\DoctorAvailability.API.csproj", "{75D74323-74BE-4881-9FF8-FD7FF581EB39}"
EndProject
Project("{9A19103F-16F7-4668-BE54-9A1E7A4F7556}") = "DoctorAvailability.BLL", "DoctorAvailability.BLL\DoctorAvailability.BLL.csproj", "{D0A7C697-601F-4013-AA8B-46F7820B5103}"
EndProject
Project("{9A19103F-16F7-4668-BE54-9A1E7A4F7556}") = "DoctorAvailability.DAL", "DoctorAvailability.DAL\DoctorAvailability.DAL.csproj", "{08BC28AD-82DB-4EB9-BB74-8CED33EF8EEC}"
EndProject
Project("{2150E333-8FDC-42A3-9474-1A3956D46DE8}") = "Shared", "Shared", "{2DB011AD-968A-4A35-9EC4-C4BE92D4AB87}"
EndProject
Project("{9A19103F-16F7-4668-BE54-9A1E7A4F7556}") = "Shared.Infrastructure", "Shared.Infrastructure\Shared.Infrastructure.csproj", "{F358944D-397A-446C-B5EC-8DF9CC98F705}"
EndProject
Project("{2150E333-8FDC-42A3-9474-1A3956D46DE8}") = "DoctorAppointmentManagementModule", "DoctorAppointmentManagementModule", "{FE6D48E4-A7E0-4A86-8CF3-7EE16DE06F19}"
EndProject
Project("{9A19103F-16F7-4668-BE54-9A1E7A4F7556}") = "DoctorAppointmentManagement.API", "DoctorAppointmentManagement.API\DoctorAppointmentManagement.API.csproj", "{E892B42D-12DB-4113-9ACB-E6D54D176F6D}"
EndProject
Project("{9A19103F-16F7-4668-BE54-9A1E7A4F7556}") = "DoctorAppointmentManagement.Core", "DoctorAppointmentManagement.Core\DoctorAppointmentManagement.Core.csproj", "{297EFB73-6F48-446B-9700-CDAC0DC32DE3}"
EndProject
Project("{2150E333-8FDC-42A3-9474-1A3956D46DE8}") = "Core", "Core", "{46A9A24E-ED79-4E0F-A9A5-5BB0CDF87BA8}"
EndProject
Project("{2150E333-8FDC-42A3-9474-1A3956D46DE8}") = "Shell", "Shell", "{50F2337D-BA53-4674-ACB6-6897D52272B9}"
EndProject
Project("{9A19103F-16F7-4668-BE54-9A1E7A4F7556}") = "DoctorAppointmentManagement.Infrastructure", "DoctorAppointmentManagement.Infrastructure\DoctorAppointmentManagement.Infrastructure.csproj", "{FBA83F48-4EB5-4615-8DC5-6C812B82CCAC}"
EndProject
Project("{FAE04EC0-301F-11D3-BF4B-00C04F79EFBC}") = "DoctorAppointmentManagement.Application", "DoctorAppointmentManagement.Application\DoctorAppointmentManagement.Application.csproj", "{2FE6AD59-95D9-4AD9-B4EB-C90F7F1C18CC}"
EndProject
Project("{2150E333-8FDC-42A3-9474-1A3956D46DE8}") = "AppointmentBookingModule", "AppointmentBookingModule", "{AD9D50D1-66F8-4313-9493-7685137F5B2C}"
EndProject
Project("{FAE04EC0-301F-11D3-BF4B-00C04F79EFBC}") = "AppointmentBookingModule.API", "AppointmentBookingModule.API\AppointmentBookingModule.API.csproj", "{E15D0560-1F59-4EB9-B70B-1A1D075550F8}"
EndProject
Project("{FAE04EC0-301F-11D3-BF4B-00C04F79EFBC}") = "AppointmentBooking.Infrastructure", "AppointmentBooking.Infrastructure\AppointmentBooking.Infrastructure.csproj", "{4C251357-756C-4428-90D2-38E845DC849B}"
EndProject
Project("{FAE04EC0-301F-11D3-BF4B-00C04F79EFBC}") = "AppointmentBooking.Infrastructure.Integration", "AppointmentBooking.Infrastructure.Integration\AppointmentBooking.Infrastructure.Integration.csproj", "{CD33D058-B5C3-4255-9B79-8875D4757510}"
EndProject
Project("{FAE04EC0-301F-11D3-BF4B-00C04F79EFBC}") = "AppointmentBooking.Application", "AppointmentBooking.Application\AppointmentBooking.Application.csproj", "{3FD70E96-970F-403C-A1B4-EDF56EC9EBD4}"
EndProject
Project("{FAE04EC0-301F-11D3-BF4B-00C04F79EFBC}") = "AppointmentBooking.Domain", "AppointmentBooking.Domain\AppointmentBooking.Domain.csproj", "{55B41A62-400C-4B28-B7C1-9CE153C3FB64}"
EndProject
Project("{2150E333-8FDC-42A3-9474-1A3956D46DE8}") = "Core", "Core", "{2F9E5C9C-770D-41E9-8A7B-96FD00DD2F5C}"
EndProject
Project("{2150E333-8FDC-42A3-9474-1A3956D46DE8}") = "Infrastructure", "Infrastructure", "{521F9AE0-F788-4D2B-99FB-6C02EE06B429}"
EndProject
Project("{2150E333-8FDC-42A3-9474-1A3956D46DE8}") = "Presentation", "Presentation", "{78FEE2B5-E4B8-4A50-8A74-57ECC7A158D9}"
EndProject
Global
	GlobalSection(SolutionConfigurationPlatforms) = preSolution
		Debug|Any CPU = Debug|Any CPU
		Release|Any CPU = Release|Any CPU
	EndGlobalSection
	GlobalSection(ProjectConfigurationPlatforms) = postSolution
		{5554692C-68D5-49DD-99A0-E30AD43BBBF1}.Debug|Any CPU.ActiveCfg = Debug|Any CPU
		{5554692C-68D5-49DD-99A0-E30AD43BBBF1}.Debug|Any CPU.Build.0 = Debug|Any CPU
		{5554692C-68D5-49DD-99A0-E30AD43BBBF1}.Release|Any CPU.ActiveCfg = Release|Any CPU
		{5554692C-68D5-49DD-99A0-E30AD43BBBF1}.Release|Any CPU.Build.0 = Release|Any CPU
		{75D74323-74BE-4881-9FF8-FD7FF581EB39}.Debug|Any CPU.ActiveCfg = Debug|Any CPU
		{75D74323-74BE-4881-9FF8-FD7FF581EB39}.Debug|Any CPU.Build.0 = Debug|Any CPU
		{75D74323-74BE-4881-9FF8-FD7FF581EB39}.Release|Any CPU.ActiveCfg = Release|Any CPU
		{75D74323-74BE-4881-9FF8-FD7FF581EB39}.Release|Any CPU.Build.0 = Release|Any CPU
		{D0A7C697-601F-4013-AA8B-46F7820B5103}.Debug|Any CPU.ActiveCfg = Debug|Any CPU
		{D0A7C697-601F-4013-AA8B-46F7820B5103}.Debug|Any CPU.Build.0 = Debug|Any CPU
		{D0A7C697-601F-4013-AA8B-46F7820B5103}.Release|Any CPU.ActiveCfg = Release|Any CPU
		{D0A7C697-601F-4013-AA8B-46F7820B5103}.Release|Any CPU.Build.0 = Release|Any CPU
		{08BC28AD-82DB-4EB9-BB74-8CED33EF8EEC}.Debug|Any CPU.ActiveCfg = Debug|Any CPU
		{08BC28AD-82DB-4EB9-BB74-8CED33EF8EEC}.Debug|Any CPU.Build.0 = Debug|Any CPU
		{08BC28AD-82DB-4EB9-BB74-8CED33EF8EEC}.Release|Any CPU.ActiveCfg = Release|Any CPU
		{08BC28AD-82DB-4EB9-BB74-8CED33EF8EEC}.Release|Any CPU.Build.0 = Release|Any CPU
		{F358944D-397A-446C-B5EC-8DF9CC98F705}.Debug|Any CPU.ActiveCfg = Debug|Any CPU
		{F358944D-397A-446C-B5EC-8DF9CC98F705}.Debug|Any CPU.Build.0 = Debug|Any CPU
		{F358944D-397A-446C-B5EC-8DF9CC98F705}.Release|Any CPU.ActiveCfg = Release|Any CPU
		{F358944D-397A-446C-B5EC-8DF9CC98F705}.Release|Any CPU.Build.0 = Release|Any CPU
		{E892B42D-12DB-4113-9ACB-E6D54D176F6D}.Debug|Any CPU.ActiveCfg = Debug|Any CPU
		{E892B42D-12DB-4113-9ACB-E6D54D176F6D}.Debug|Any CPU.Build.0 = Debug|Any CPU
		{E892B42D-12DB-4113-9ACB-E6D54D176F6D}.Release|Any CPU.ActiveCfg = Release|Any CPU
		{E892B42D-12DB-4113-9ACB-E6D54D176F6D}.Release|Any CPU.Build.0 = Release|Any CPU
		{297EFB73-6F48-446B-9700-CDAC0DC32DE3}.Debug|Any CPU.ActiveCfg = Debug|Any CPU
		{297EFB73-6F48-446B-9700-CDAC0DC32DE3}.Debug|Any CPU.Build.0 = Debug|Any CPU
		{297EFB73-6F48-446B-9700-CDAC0DC32DE3}.Release|Any CPU.ActiveCfg = Release|Any CPU
		{297EFB73-6F48-446B-9700-CDAC0DC32DE3}.Release|Any CPU.Build.0 = Release|Any CPU
		{FBA83F48-4EB5-4615-8DC5-6C812B82CCAC}.Debug|Any CPU.ActiveCfg = Debug|Any CPU
		{FBA83F48-4EB5-4615-8DC5-6C812B82CCAC}.Debug|Any CPU.Build.0 = Debug|Any CPU
		{FBA83F48-4EB5-4615-8DC5-6C812B82CCAC}.Release|Any CPU.ActiveCfg = Release|Any CPU
		{FBA83F48-4EB5-4615-8DC5-6C812B82CCAC}.Release|Any CPU.Build.0 = Release|Any CPU
		{2FE6AD59-95D9-4AD9-B4EB-C90F7F1C18CC}.Debug|Any CPU.ActiveCfg = Debug|Any CPU
		{2FE6AD59-95D9-4AD9-B4EB-C90F7F1C18CC}.Debug|Any CPU.Build.0 = Debug|Any CPU
		{2FE6AD59-95D9-4AD9-B4EB-C90F7F1C18CC}.Release|Any CPU.ActiveCfg = Release|Any CPU
		{2FE6AD59-95D9-4AD9-B4EB-C90F7F1C18CC}.Release|Any CPU.Build.0 = Release|Any CPU
		{E15D0560-1F59-4EB9-B70B-1A1D075550F8}.Debug|Any CPU.ActiveCfg = Debug|Any CPU
		{E15D0560-1F59-4EB9-B70B-1A1D075550F8}.Debug|Any CPU.Build.0 = Debug|Any CPU
		{E15D0560-1F59-4EB9-B70B-1A1D075550F8}.Release|Any CPU.ActiveCfg = Release|Any CPU
		{E15D0560-1F59-4EB9-B70B-1A1D075550F8}.Release|Any CPU.Build.0 = Release|Any CPU
		{4C251357-756C-4428-90D2-38E845DC849B}.Debug|Any CPU.ActiveCfg = Debug|Any CPU
		{4C251357-756C-4428-90D2-38E845DC849B}.Debug|Any CPU.Build.0 = Debug|Any CPU
		{4C251357-756C-4428-90D2-38E845DC849B}.Release|Any CPU.ActiveCfg = Release|Any CPU
		{4C251357-756C-4428-90D2-38E845DC849B}.Release|Any CPU.Build.0 = Release|Any CPU
		{CD33D058-B5C3-4255-9B79-8875D4757510}.Debug|Any CPU.ActiveCfg = Debug|Any CPU
		{CD33D058-B5C3-4255-9B79-8875D4757510}.Debug|Any CPU.Build.0 = Debug|Any CPU
		{CD33D058-B5C3-4255-9B79-8875D4757510}.Release|Any CPU.ActiveCfg = Release|Any CPU
		{CD33D058-B5C3-4255-9B79-8875D4757510}.Release|Any CPU.Build.0 = Release|Any CPU
		{3FD70E96-970F-403C-A1B4-EDF56EC9EBD4}.Debug|Any CPU.ActiveCfg = Debug|Any CPU
		{3FD70E96-970F-403C-A1B4-EDF56EC9EBD4}.Debug|Any CPU.Build.0 = Debug|Any CPU
		{3FD70E96-970F-403C-A1B4-EDF56EC9EBD4}.Release|Any CPU.ActiveCfg = Release|Any CPU
		{3FD70E96-970F-403C-A1B4-EDF56EC9EBD4}.Release|Any CPU.Build.0 = Release|Any CPU
		{55B41A62-400C-4B28-B7C1-9CE153C3FB64}.Debug|Any CPU.ActiveCfg = Debug|Any CPU
		{55B41A62-400C-4B28-B7C1-9CE153C3FB64}.Debug|Any CPU.Build.0 = Debug|Any CPU
		{55B41A62-400C-4B28-B7C1-9CE153C3FB64}.Release|Any CPU.ActiveCfg = Release|Any CPU
		{55B41A62-400C-4B28-B7C1-9CE153C3FB64}.Release|Any CPU.Build.0 = Release|Any CPU
	EndGlobalSection
	GlobalSection(SolutionProperties) = preSolution
		HideSolutionNode = FALSE
	EndGlobalSection
	GlobalSection(NestedProjects) = preSolution
		{5554692C-68D5-49DD-99A0-E30AD43BBBF1} = {06E91105-47F0-4B33-94FB-BDEB6CF06249}
		{B813FED1-5813-4397-89E1-1D4FD27948FC} = {A6323408-18F4-424D-BFAB-1D80E6DA4DA8}
		{75D74323-74BE-4881-9FF8-FD7FF581EB39} = {B813FED1-5813-4397-89E1-1D4FD27948FC}
		{D0A7C697-601F-4013-AA8B-46F7820B5103} = {B813FED1-5813-4397-89E1-1D4FD27948FC}
		{08BC28AD-82DB-4EB9-BB74-8CED33EF8EEC} = {B813FED1-5813-4397-89E1-1D4FD27948FC}
		{F358944D-397A-446C-B5EC-8DF9CC98F705} = {2DB011AD-968A-4A35-9EC4-C4BE92D4AB87}
		{FE6D48E4-A7E0-4A86-8CF3-7EE16DE06F19} = {A6323408-18F4-424D-BFAB-1D80E6DA4DA8}
		{E892B42D-12DB-4113-9ACB-E6D54D176F6D} = {50F2337D-BA53-4674-ACB6-6897D52272B9}
		{297EFB73-6F48-446B-9700-CDAC0DC32DE3} = {46A9A24E-ED79-4E0F-A9A5-5BB0CDF87BA8}
		{46A9A24E-ED79-4E0F-A9A5-5BB0CDF87BA8} = {FE6D48E4-A7E0-4A86-8CF3-7EE16DE06F19}
		{50F2337D-BA53-4674-ACB6-6897D52272B9} = {FE6D48E4-A7E0-4A86-8CF3-7EE16DE06F19}
		{FBA83F48-4EB5-4615-8DC5-6C812B82CCAC} = {50F2337D-BA53-4674-ACB6-6897D52272B9}
		{2FE6AD59-95D9-4AD9-B4EB-C90F7F1C18CC} = {50F2337D-BA53-4674-ACB6-6897D52272B9}
		{AD9D50D1-66F8-4313-9493-7685137F5B2C} = {A6323408-18F4-424D-BFAB-1D80E6DA4DA8}
		{E15D0560-1F59-4EB9-B70B-1A1D075550F8} = {78FEE2B5-E4B8-4A50-8A74-57ECC7A158D9}
		{4C251357-756C-4428-90D2-38E845DC849B} = {521F9AE0-F788-4D2B-99FB-6C02EE06B429}
		{CD33D058-B5C3-4255-9B79-8875D4757510} = {521F9AE0-F788-4D2B-99FB-6C02EE06B429}
		{3FD70E96-970F-403C-A1B4-EDF56EC9EBD4} = {2F9E5C9C-770D-41E9-8A7B-96FD00DD2F5C}
		{55B41A62-400C-4B28-B7C1-9CE153C3FB64} = {2F9E5C9C-770D-41E9-8A7B-96FD00DD2F5C}
		{2F9E5C9C-770D-41E9-8A7B-96FD00DD2F5C} = {AD9D50D1-66F8-4313-9493-7685137F5B2C}
		{521F9AE0-F788-4D2B-99FB-6C02EE06B429} = {AD9D50D1-66F8-4313-9493-7685137F5B2C}
		{78FEE2B5-E4B8-4A50-8A74-57ECC7A158D9} = {AD9D50D1-66F8-4313-9493-7685137F5B2C}
	EndGlobalSection
	GlobalSection(ExtensibilityGlobals) = postSolution
		SolutionGuid = {0C2B7D94-1D74-448F-9B8C-0CC16AF718C6}
	EndGlobalSection
EndGlobal
